<?xml version="1.0" encoding="utf-8"?>
<Project ToolsVersion="4.0" xmlns="http://schemas.microsoft.com/developer/msbuild/2003">
  <ItemGroup>
    <Filter Include="Source Files">
      <UniqueIdentifier>{4FC737F1-C7A5-4376-A066-2A32D752A2FF}</UniqueIdentifier>
      <Extensions>cpp;c;cc;cxx;def;odl;idl;hpj;bat;asm;asmx</Extensions>
    </Filter>
    <Filter Include="Header Files">
      <UniqueIdentifier>{93995380-89BD-4b04-88EB-625FBE52EBFB}</UniqueIdentifier>
      <Extensions>h;hh;hpp;hxx;hm;inl;inc;xsd</Extensions>
    </Filter>
    <Filter Include="Resource Files">
      <UniqueIdentifier>{67DA6AB6-F800-4c08-8B7A-83BB121AAD01}</UniqueIdentifier>
      <Extensions>qrc;rc;ico;cur;bmp;dlg;rc2;rct;bin;rgs;gif;jpg;jpeg;jpe;resx;tiff;tif;png;wav;mfcribbon-ms</Extensions>
    </Filter>
    <Filter Include="Form Files">
      <UniqueIdentifier>{99349809-55BA-4b9d-BF79-8FDBB0286EB3}</UniqueIdentifier>
      <Extensions>ui</Extensions>
    </Filter>
    <Filter Include="Translation Files">
      <UniqueIdentifier>{639EADAA-A684-42e4-A9AD-28FC9BCB8F7C}</UniqueIdentifier>
      <Extensions>ts</Extensions>
    </Filter>
    <Filter Include="Header Files\TianLiQtCommon">
      <UniqueIdentifier>{c5666815-5443-4cca-91ad-91f6c27a941c}</UniqueIdentifier>
    </Filter>
    <Filter Include="Form Files\TianLiQtCommon">
      <UniqueIdentifier>{8e41851f-59cd-42fc-b1d8-cc870939ffa0}</UniqueIdentifier>
    </Filter>
    <Filter Include="Source Files\TianLiQtCommon">
      <UniqueIdentifier>{775fb0ec-d3d6-4c49-a6c3-b0db74ed4b36}</UniqueIdentifier>
    </Filter>
    <Filter Include="Translation Files\TianLiQtCommon">
      <UniqueIdentifier>{0af76180-4f6b-4cf5-83ca-0460ad14949c}</UniqueIdentifier>
    </Filter>
    <Filter Include="Resource Files\TianLiQtCommon">
      <UniqueIdentifier>{0de65009-1367-4a93-b7ee-0ff6186efd92}</UniqueIdentifier>
    </Filter>
    <Filter Include="Source Files\TianLiQtCommon\HUD">
      <UniqueIdentifier>{e3b1a54e-3b52-4708-b599-c72f4a5655aa}</UniqueIdentifier>
    </Filter>
    <Filter Include="Header Files\TianLiQtCommon\HUD">
      <UniqueIdentifier>{8e1891e3-4408-48a9-af92-b4aa4392ff89}</UniqueIdentifier>
    </Filter>
    <Filter Include="Header Files\TianLiQtCommon\Logger">
      <UniqueIdentifier>{de527ae5-da76-487e-b1b0-9600bb4c5c10}</UniqueIdentifier>
    </Filter>
    <Filter Include="Source Files\TianLiQtCommon\Logger">
      <UniqueIdentifier>{a0d1fea6-d695-4979-baf2-221b57c2c1b4}</UniqueIdentifier>
    </Filter>
    <Filter Include="Source Files\TianLiQtCommon\Common">
      <UniqueIdentifier>{0b6d24b0-fd57-41be-9289-6f991ac80ba8}</UniqueIdentifier>
    </Filter>
    <Filter Include="Header Files\TianLiQtCommon\Common">
      <UniqueIdentifier>{014a3358-18b8-4c7a-bb3e-d80ce68b39ca}</UniqueIdentifier>
    </Filter>
    <Filter Include="Form Files\TianLiQtCommon\HUD">
      <UniqueIdentifier>{8efc7342-ddf0-436d-948e-50822ae604f0}</UniqueIdentifier>
    </Filter>
    <Filter Include="Form Files\TianLiQtCommon\Logger">
      <UniqueIdentifier>{a52a930d-8d4b-4886-8169-e8e383c7a509}</UniqueIdentifier>
    </Filter>
    <Filter Include="Form Files\TianLiQtCommon\Common">
      <UniqueIdentifier>{47a647dd-ac9a-47d7-a4c6-f2b2d23c06a3}</UniqueIdentifier>
    </Filter>
    <Filter Include="Resource Files\TianLiQtCommon\HUD">
      <UniqueIdentifier>{13a0bd49-b0ec-48b6-b835-a6dd5a6a2777}</UniqueIdentifier>
    </Filter>
    <Filter Include="Header Files\TianLiQtCommon\Hook">
      <UniqueIdentifier>{71407dd4-1f4f-4519-be3a-02fa4c1072cf}</UniqueIdentifier>
    </Filter>
    <Filter Include="Header Files\TianLiQtCommon\Utils">
      <UniqueIdentifier>{84652d6c-88a3-4717-80d3-cab5b42d1a71}</UniqueIdentifier>
    </Filter>
    <Filter Include="Resource Files\TianLiQtCommon\Common">
      <UniqueIdentifier>{35923016-9047-4484-a5f2-cf6614071383}</UniqueIdentifier>
    </Filter>
    <Filter Include="Source Files\TianLiQtCommon\Hook">
      <UniqueIdentifier>{423c192a-6d3b-4dfa-a43d-54f5bddcc639}</UniqueIdentifier>
    </Filter>
    <Filter Include="Source Files\TianLiQtCommon\Utils">
      <UniqueIdentifier>{2b3b69bd-e865-4475-8af5-ad1f786cc37b}</UniqueIdentifier>
    </Filter>
    <Filter Include="Source Files\TianLiQtCommon\Common\SwitchButton">
      <UniqueIdentifier>{7e660365-bafd-4670-9e0a-4b98a1c69270}</UniqueIdentifier>
    </Filter>
  </ItemGroup>
  <ItemGroup>
    <QtRcc Include="GenshinImpact_TianLi.qrc">
      <Filter>Resource Files</Filter>
    </QtRcc>
    <QtUic Include="GenshinImpact_TianLi.ui">
      <Filter>Form Files</Filter>
    </QtUic>
    <QtMoc Include="GenshinImpact_TianLi.h">
      <Filter>Header Files</Filter>
    </QtMoc>
    <ClCompile Include="GenshinImpact_TianLi.cpp">
      <Filter>Source Files</Filter>
    </ClCompile>
    <QtRcc Include="TianLiQtCommon_HUD_AzimuthBarWindow.qrc">
      <Filter>Resource Files\TianLiQtCommon\HUD</Filter>
    </QtRcc>
    <QtRcc Include="TianLiQtCommon_MapRect.qrc">
      <Filter>Resource Files\TianLiQtCommon\Common</Filter>
    </QtRcc>
    <QtRcc Include="TianLiQtCommon_NearbyItemButton.qrc">
      <Filter>Resource Files\TianLiQtCommon\Common</Filter>
    </QtRcc>
    <QtRcc Include="TianLiQtCommon_PickedItemButton.qrc">
      <Filter>Resource Files\TianLiQtCommon\Common</Filter>
    </QtRcc>
    <QtRcc Include="TianLiQtCommon_SelectItemButton.qrc">
      <Filter>Resource Files\TianLiQtCommon\Common</Filter>
    </QtRcc>
  </ItemGroup>
  <ItemGroup>
    <ClCompile Include="main.cpp">
      <Filter>Source Files</Filter>
    </ClCompile>
    <ClCompile Include="TianLiQtCommon_HUD_SquareMap.cpp">
      <Filter>Source Files\TianLiQtCommon\HUD</Filter>
    </ClCompile>
    <ClCompile Include="TianLiQtCommon_Logger.cpp">
      <Filter>Source Files\TianLiQtCommon\Logger</Filter>
    </ClCompile>
    <ClCompile Include="TianLiQtCommon_TypeGroupButton.cpp">
      <Filter>Source Files\TianLiQtCommon\Common</Filter>
    </ClCompile>
    <ClCompile Include="TianLiQtCommon_CardRect.cpp">
      <Filter>Source Files\TianLiQtCommon\Common</Filter>
    </ClCompile>
    <ClCompile Include="TianLiQtCommon_MapRect.cpp">
      <Filter>Source Files\TianLiQtCommon\Common</Filter>
    </ClCompile>
    <ClCompile Include="TianLiQtCommon_NearbyItemButton.cpp">
      <Filter>Source Files\TianLiQtCommon\Common</Filter>
    </ClCompile>
    <ClCompile Include="TianLiQtCommon_PickedItemButton.cpp">
      <Filter>Source Files\TianLiQtCommon\Common</Filter>
    </ClCompile>
    <ClCompile Include="TianLiQtCommon_ScrollCardRect.cpp">
      <Filter>Source Files\TianLiQtCommon\Common</Filter>
    </ClCompile>
    <ClCompile Include="TianLiQtCommon_SelectedItemButton.cpp">
      <Filter>Source Files\TianLiQtCommon\Common</Filter>
    </ClCompile>
    <ClCompile Include="TianLiQtCommon_HUD_AzimuthBarWindow.cpp">
      <Filter>Source Files\TianLiQtCommon\HUD</Filter>
    </ClCompile>
    <ClCompile Include="TianLiQtCommon_HookKeyBoard.cpp">
      <Filter>Source Files\TianLiQtCommon\Hook</Filter>
    </ClCompile>
    <ClCompile Include="TianLiQtCommon_HookKeyBoard_NativeEventFilter.cpp">
      <Filter>Source Files\TianLiQtCommon\Hook</Filter>
    </ClCompile>
    <ClCompile Include="TianLiQtCommon_Utils.cpp">
      <Filter>Source Files\TianLiQtCommon\Utils</Filter>
    </ClCompile>
    <ClCompile Include="TianLiQtCommon_HUD_CircularMap.cpp">
      <Filter>Source Files\TianLiQtCommon\HUD</Filter>
    </ClCompile>
    <ClCompile Include="TianLiQtCommon_SwitchButton.cpp">
      <Filter>Source Files</Filter>
    </ClCompile>
  </ItemGroup>
  <ItemGroup>
    <QtTranslation Include="GenshinImpact_TianLi_zh.ts">
      <Filter>Translation Files</Filter>
    </QtTranslation>
  </ItemGroup>
  <ItemGroup>
    <QtMoc Include="TianLiQtCommon_HUD_SquareMap.h">
      <Filter>Header Files\TianLiQtCommon\HUD</Filter>
    </QtMoc>
    <QtMoc Include="TianLiQtCommon_CardRect.h">
      <Filter>Header Files\TianLiQtCommon\Common</Filter>
    </QtMoc>
    <QtMoc Include="TianLiQtCommon_MapRect.h">
      <Filter>Header Files\TianLiQtCommon\Common</Filter>
    </QtMoc>
    <QtMoc Include="TianLiQtCommon_NearbyItemButton.h">
      <Filter>Header Files\TianLiQtCommon\Common</Filter>
    </QtMoc>
    <QtMoc Include="TianLiQtCommon_PickedItemButton.h">
      <Filter>Header Files\TianLiQtCommon\Common</Filter>
    </QtMoc>
    <QtMoc Include="TianLiQtCommon_ScrollCardRect.h">
      <Filter>Header Files\TianLiQtCommon\Common</Filter>
    </QtMoc>
    <QtMoc Include="TianLiQtCommon_SelectedItemButton.h">
      <Filter>Header Files\TianLiQtCommon\Common</Filter>
    </QtMoc>
    <QtMoc Include="TianLiQtCommon_TypeGroupButton.h">
      <Filter>Header Files\TianLiQtCommon\Common</Filter>
    </QtMoc>
    <QtMoc Include="TianLiQtCommon_HUD_AzimuthBarWindow.h">
      <Filter>Header Files\TianLiQtCommon\HUD</Filter>
    </QtMoc>
    <QtMoc Include="TianLiQtCommon_Logger.h">
      <Filter>Header Files\TianLiQtCommon\Logger</Filter>
    </QtMoc>
    <QtMoc Include="TianLiQtCommon_HUD_CircularMap.h">
      <Filter>Header Files\TianLiQtCommon\HUD</Filter>
    </QtMoc>
    <QtMoc Include="TianLiQtCommon_HookKeyBoard.h">
      <Filter>Header Files\TianLiQtCommon\Hook</Filter>
    </QtMoc>
    <QtMoc Include="TianLiQtCommon_SwitchButton.h">
      <Filter>Header Files</Filter>
    </QtMoc>
  </ItemGroup>
  <ItemGroup>
    <QtUic Include="TianLiQtCommon_CardRect.ui">
      <Filter>Form Files\TianLiQtCommon\Common</Filter>
    </QtUic>
    <QtUic Include="TianLiQtCommon_MapRect.ui">
      <Filter>Form Files\TianLiQtCommon\Common</Filter>
    </QtUic>
    <QtUic Include="TianLiQtCommon_NearbyItemButton.ui">
      <Filter>Form Files\TianLiQtCommon\Common</Filter>
    </QtUic>
    <QtUic Include="TianLiQtCommon_PickedItemButton.ui">
      <Filter>Form Files\TianLiQtCommon\Common</Filter>
    </QtUic>
    <QtUic Include="TianLiQtCommon_ScrollCardRect.ui">
      <Filter>Form Files\TianLiQtCommon\Common</Filter>
    </QtUic>
    <QtUic Include="TianLiQtCommon_SelectedItemButton.ui">
      <Filter>Form Files\TianLiQtCommon\Common</Filter>
    </QtUic>
    <QtUic Include="TianLiQtCommon_HUD_SquareMap.ui">
      <Filter>Form Files\TianLiQtCommon\HUD</Filter>
    </QtUic>
    <QtUic Include="TianLiQtCommon_TypeGroupButton.ui">
      <Filter>Form Files\TianLiQtCommon\Common</Filter>
    </QtUic>
    <QtUic Include="TianLiQtCommon_Logger.ui">
      <Filter>Form Files\TianLiQtCommon\Logger</Filter>
    </QtUic>
    <QtUic Include="TianLiQtCommon_HUD_AzimuthBarWindow.ui">
      <Filter>Form Files\TianLiQtCommon\HUD</Filter>
    </QtUic>
    <QtUic Include="TianLiQtCommon_HUD_CircularMap.ui">
      <Filter>Form Files\TianLiQtCommon\HUD</Filter>
    </QtUic>
    <QtUic Include="TianLiQtCommon_SwitchButton.ui">
      <Filter>Form Files\TianLiQtCommon\Common</Filter>
    </QtUic>
  </ItemGroup>
  <ItemGroup>
    <ClInclude Include="resource.h">
      <Filter>Header Files</Filter>
    </ClInclude>
    <ClInclude Include="TianLiQtCommon_HookKeyBoard_NativeEventFilter.h">
      <Filter>Header Files\TianLiQtCommon\Hook</Filter>
    </ClInclude>
    <ClInclude Include="TianLiQtCommon_Utils.h">
      <Filter>Header Files\TianLiQtCommon\Utils</Filter>
    </ClInclude>
    <ClInclude Include="WindowsAttribute.h">
      <Filter>Header Files\TianLiQtCommon\Utils</Filter>
    </ClInclude>
  </ItemGroup>
  <ItemGroup>
    <ResourceCompile Include="GenshinImpact_TianLi_Logo.rc">
      <Filter>Resource Files</Filter>
    </ResourceCompile>
    <ResourceCompile Include="..\GenshinImpact_TianLi_Resource\GenshinImpact_TianLi_Resource.rc">
      <Filter>Resource Files</Filter>
    </ResourceCompile>
    <ResourceCompile Include="GenshinImpact_TianLi_Version.rc">
      <Filter>Resource Files</Filter>
    </ResourceCompile>
  </ItemGroup>
  <ItemGroup>
    <Image Include="resource\Icon.ico">
      <Filter>Resource Files</Filter>
    </Image>
  </ItemGroup>
  <ItemGroup>
    <None Include="TianLiQtCommon_ScrollCardRect.qss">
      <Filter>Resource Files\TianLiQtCommon\Common</Filter>
    </None>
  </ItemGroup>
</Project>